
Microsoft Visual Studio Solution File, Format Version 12.00
# Visual Studio Version 17
VisualStudioVersion = 17.5.33414.496
MinimumVisualStudioVersion = 10.0.40219.1
Project("{FAE04EC0-301F-11D3-BF4B-00C04F79EFBC}") = "UserLogin", "UserLogin\UserLogin.csproj", "{24631D19-B202-4A2F-B370-B43BB4ED521A}"
EndProject
Project("{9A19103F-16F7-4668-BE54-9A1E7A4F7556}") = "StudentInfoSystem", "StudentInfoSystem\StudentInfoSystem.csproj", "{1ACB1C10-6A35-4325-B0BA-0E180874F0B5}"
EndProject
Project("{9A19103F-16F7-4668-BE54-9A1E7A4F7556}") = "WPFhello", "WPFhello\WPFhello.csproj", "{9A9364CA-83EB-40A3-843B-26FA3F5A6F5C}"
EndProject
Project("{9A19103F-16F7-4668-BE54-9A1E7A4F7556}") = "ExpenseIt", "ExpenseIt\ExpenseIt.csproj", "{C7BF0EEE-FCBB-4D09-A4A1-3D104EF2269B}"
EndProject
Project("{FAE04EC0-301F-11D3-BF4B-00C04F79EFBC}") = "WpfExample", "WpfExample\WpfExample.csproj", "{B2A68134-BCB7-4590-B772-9A1EEC23EB50}"
EndProject
Project("{FAE04EC0-301F-11D3-BF4B-00C04F79EFBC}") = "EasyMVVM", "EasyMVVM\EasyMVVM.csproj", "{3CDEE1C8-AE11-4D65-8351-5B853863D29F}"
EndProject
Global
	GlobalSection(SolutionConfigurationPlatforms) = preSolution
		Debug|Any CPU = Debug|Any CPU
		Release|Any CPU = Release|Any CPU
	EndGlobalSection
	GlobalSection(ProjectConfigurationPlatforms) = postSolution
		{24631D19-B202-4A2F-B370-B43BB4ED521A}.Debug|Any CPU.ActiveCfg = Debug|Any CPU
		{24631D19-B202-4A2F-B370-B43BB4ED521A}.Debug|Any CPU.Build.0 = Debug|Any CPU
		{24631D19-B202-4A2F-B370-B43BB4ED521A}.Release|Any CPU.ActiveCfg = Release|Any CPU
		{24631D19-B202-4A2F-B370-B43BB4ED521A}.Release|Any CPU.Build.0 = Release|Any CPU
		{1ACB1C10-6A35-4325-B0BA-0E180874F0B5}.Debug|Any CPU.ActiveCfg = Debug|Any CPU
		{1ACB1C10-6A35-4325-B0BA-0E180874F0B5}.Debug|Any CPU.Build.0 = Debug|Any CPU
		{1ACB1C10-6A35-4325-B0BA-0E180874F0B5}.Release|Any CPU.ActiveCfg = Release|Any CPU
		{1ACB1C10-6A35-4325-B0BA-0E180874F0B5}.Release|Any CPU.Build.0 = Release|Any CPU
		{9A9364CA-83EB-40A3-843B-26FA3F5A6F5C}.Debug|Any CPU.ActiveCfg = Debug|Any CPU
		{9A9364CA-83EB-40A3-843B-26FA3F5A6F5C}.Debug|Any CPU.Build.0 = Debug|Any CPU
		{9A9364CA-83EB-40A3-843B-26FA3F5A6F5C}.Release|Any CPU.ActiveCfg = Release|Any CPU
		{9A9364CA-83EB-40A3-843B-26FA3F5A6F5C}.Release|Any CPU.Build.0 = Release|Any CPU
		{C7BF0EEE-FCBB-4D09-A4A1-3D104EF2269B}.Debug|Any CPU.ActiveCfg = Debug|Any CPU
		{C7BF0EEE-FCBB-4D09-A4A1-3D104EF2269B}.Debug|Any CPU.Build.0 = Debug|Any CPU
		{C7BF0EEE-FCBB-4D09-A4A1-3D104EF2269B}.Release|Any CPU.ActiveCfg = Release|Any CPU
		{C7BF0EEE-FCBB-4D09-A4A1-3D104EF2269B}.Release|Any CPU.Build.0 = Release|Any CPU
		{B2A68134-BCB7-4590-B772-9A1EEC23EB50}.Debug|Any CPU.ActiveCfg = Debug|Any CPU
		{B2A68134-BCB7-4590-B772-9A1EEC23EB50}.Debug|Any CPU.Build.0 = Debug|Any CPU
		{B2A68134-BCB7-4590-B772-9A1EEC23EB50}.Release|Any CPU.ActiveCfg = Release|Any CPU
		{B2A68134-BCB7-4590-B772-9A1EEC23EB50}.Release|Any CPU.Build.0 = Release|Any CPU
		{3CDEE1C8-AE11-4D65-8351-5B853863D29F}.Debug|Any CPU.ActiveCfg = Debug|Any CPU
		{3CDEE1C8-AE11-4D65-8351-5B853863D29F}.Debug|Any CPU.Build.0 = Debug|Any CPU
		{3CDEE1C8-AE11-4D65-8351-5B853863D29F}.Release|Any CPU.ActiveCfg = Release|Any CPU
		{3CDEE1C8-AE11-4D65-8351-5B853863D29F}.Release|Any CPU.Build.0 = Release|Any CPU
	EndGlobalSection
	GlobalSection(SolutionProperties) = preSolution
		HideSolutionNode = FALSE
	EndGlobalSection
	GlobalSection(ExtensibilityGlobals) = postSolution
		SolutionGuid = {436C9668-92F1-424C-9319-7CA927B076CC}
	EndGlobalSection
EndGlobal
